# This file is automatically @generated by Cargo.
# It is not intended for manual editing.
version = 4

[[package]]
name = "klassic"
version = "0.1.0"
dependencies = [
 "klassic-eval",
 "klassic-native",
]

[[package]]
name = "klassic-eval"
version = "0.1.0"
dependencies = [
 "klassic-rewrite",
 "klassic-span",
 "klassic-syntax",
 "klassic-types",
]

[[package]]
name = "klassic-macro-peg"
version = "0.1.0"

[[package]]
name = "klassic-native"
version = "0.1.0"
dependencies = [
 "klassic-rewrite",
 "klassic-span",
 "klassic-syntax",
 "klassic-types",
]

[[package]]
name = "klassic-rewrite"
version = "0.1.0"
dependencies = [
 "klassic-span",
 "klassic-syntax",
]

[[package]]
name = "klassic-runtime"
version = "0.1.0"
dependencies = [
 "klassic-span",
]

[[package]]
name = "klassic-span"
version = "0.1.0"

[[package]]
name = "klassic-syntax"
version = "0.1.0"
dependencies = [
 "klassic-span",
]

[[package]]
name = "klassic-types"
version = "0.1.0"
dependencies = [
 "klassic-span",
 "klassic-syntax",
]
